// !$*UTF8*$!
{
	archiveVersion = 1;
	classes = {
	};
	objectVersion = 50;
	objects = {

/* Begin PBXBuildFile section */
		7C78F7AF21A9CAB1009BEDC6 /* AppDelegate.swift in Sources */ = {isa = PBXBuildFile; fileRef = 7C78F7AE21A9CAB1009BEDC6 /* AppDelegate.swift */; };
		7C78F7B121A9CAB1009BEDC6 /* ViewController.swift in Sources */ = {isa = PBXBuildFile; fileRef = 7C78F7B021A9CAB1009BEDC6 /* ViewController.swift */; };
		7C78F7B421A9CAB1009BEDC6 /* Main.storyboard in Resources */ = {isa = PBXBuildFile; fileRef = 7C78F7B221A9CAB1009BEDC6 /* Main.storyboard */; };
		7C78F7B621A9CAB2009BEDC6 /* Assets.xcassets in Resources */ = {isa = PBXBuildFile; fileRef = 7C78F7B521A9CAB2009BEDC6 /* Assets.xcassets */; };
		7C78F7B921A9CAB2009BEDC6 /* LaunchScreen.storyboard in Resources */ = {isa = PBXBuildFile; fileRef = 7C78F7B721A9CAB2009BEDC6 /* LaunchScreen.storyboard */; };
/* End PBXBuildFile section */

/* Begin PBXFileReference section */
		7C78F7AB21A9CAB1009BEDC6 /* tictactoe01.app */ = {isa = PBXFileReference; explicitFileType = wrapper.application; includeInIndex = 0; path = tictactoe01.app; sourceTree = BUILT_PRODUCTS_DIR; };
		7C78F7AE21A9CAB1009BEDC6 /* AppDelegate.swift */ = {isa = PBXFileReference; lastKnownFileType = sourcecode.swift; path = AppDelegate.swift; sourceTree = "<group>"; };
		7C78F7B021A9CAB1009BEDC6 /* ViewController.swift */ = {isa = PBXFileReference; lastKnownFileType = sourcecode.swift; path = ViewController.swift; sourceTree = "<group>"; };
		7C78F7B321A9CAB1009BEDC6 /* Base */ = {isa = PBXFileReference; lastKnownFileType = file.storyboard; name = Base; path = Base.lproj/Main.storyboard; sourceTree = "<group>"; };
		7C78F7B521A9CAB2009BEDC6 /* Assets.xcassets */ = {isa = PBXFileReference; lastKnownFileType = folder.assetcatalog; path = Assets.xcassets; sourceTree = "<group>"; };
		7C78F7B821A9CAB2009BEDC6 /* Base */ = {isa = PBXFileReference; lastKnownFileType = file.storyboard; name = Base; path = Base.lproj/LaunchScreen.storyboard; sourceTree = "<group>"; };
		7C78F7BA21A9CAB2009BEDC6 /* Info.plist */ = {isa = PBXFileReference; lastKnownFileType = text.plist.xml; path = Info.plist; sourceTree = "<group>"; };
/* End PBXFileReference section */

/* Begin PBXFrameworksBuildPhase section */
		7C78F7A821A9CAB1009BEDC6 /* Frameworks */ = {
			isa = PBXFrameworksBuildPhase;
			buildActionMask = 2147483647;
			files = (
			);
			runOnlyForDeploymentPostprocessing = 0;
		};
/* End PBXFrameworksBuildPhase section */

/* Begin PBXGroup section */
		7C78F7A221A9CAB1009BEDC6 = {
			isa = PBXGroup;
			children = (
				7C78F7AD21A9CAB1009BEDC6 /* tictactoe01 */,
				7C78F7AC21A9CAB1009BEDC6 /* Products */,
			);
			sourceTree = "<group>";
		};
		7C78F7AC21A9CAB1009BEDC6 /* Products */ = {
			isa = PBXGroup;
			children = (
				7C78F7AB21A9CAB1009BEDC6 /* tictactoe01.app */,
			);
			name = Products;
			sourceTree = "<group>";
		};
		7C78F7AD21A9CAB1009BEDC6 /* tictactoe01 */ = {
			isa = PBXGroup;
			children = (
				7C78F7AE21A9CAB1009BEDC6 /* AppDelegate.swift */,
				7C78F7B021A9CAB1009BEDC6 /* ViewController.swift */,
				7C78F7B221A9CAB1009BEDC6 /* Main.storyboard */,
				7C78F7B521A9CAB2009BEDC6 /* Assets.xcassets */,
				7C78F7B721A9CAB2009BEDC6 /* LaunchScreen.storyboard */,
				7C78F7BA21A9CAB2009BEDC6 /* Info.plist */,
			);
			path = tictactoe01;
			sourceTree = "<group>";
		};
/* End PBXGroup section */

/* Begin PBXNativeTarget section */
		7C78F7AA21A9CAB1009BEDC6 /* tictactoe01 */ = {
			isa = PBXNativeTarget;
			buildConfigurationList = 7C78F7BD21A9CAB2009BEDC6 /* Build configuration list for PBXNativeTarget "tictactoe01" */;
			buildPhases = (
				7C78F7A721A9CAB1009BEDC6 /* Sources */,
				7C78F7A821A9CAB1009BEDC6 /* Frameworks */,
				7C78F7A921A9CAB1009BEDC6 /* Resources */,
			);
			buildRules = (
			);
			dependencies = (
			);
			name = tictactoe01;
			productName = tictactoe01;
			productReference = 7C78F7AB21A9CAB1009BEDC6 /* tictactoe01.app */;
			productType = "com.apple.product-type.application";
		};
/* End PBXNativeTarget section */

/* Begin PBXProject section */
		7C78F7A321A9CAB1009BEDC6 /* Project object */ = {
			isa = PBXProject;
			attributes = {
				LastSwiftUpdateCheck = 1010;
				LastUpgradeCheck = 1010;
				ORGANIZATIONNAME = "Ivan Paulovich";
				TargetAttributes = {
					7C78F7AA21A9CAB1009BEDC6 = {
						CreatedOnToolsVersion = 10.1;
					};
				};
			};
			buildConfigurationList = 7C78F7A621A9CAB1009BEDC6 /* Build configuration list for PBXProject "tictactoe01" */;
			compatibilityVersion = "Xcode 9.3";
			developmentRegion = en;
			hasScannedForEncodings = 0;
			knownRegions = (
				en,
				Base,
			);
			mainGroup = 7C78F7A221A9CAB1009BEDC6;
			productRefGroup = 7C78F7AC21A9CAB1009BEDC6 /* Products */;
			projectDirPath = "";
			projectRoot = "";
			targets = (
				7C78F7AA21A9CAB1009BEDC6 /* tictactoe01 */,
			);
		};
/* End PBXProject section */

/* Begin PBXResourcesBuildPhase section */
		7C78F7A921A9CAB1009BEDC6 /* Resources */ = {
			isa = PBXResourcesBuildPhase;
			buildActionMask = 2147483647;
			files = (
				7C78F7B921A9CAB2009BEDC6 /* LaunchScreen.storyboard in Resources */,
				7C78F7B621A9CAB2009BEDC6 /* Assets.xcassets in Resources */,
				7C78F7B421A9CAB1009BEDC6 /* Main.storyboard in Resources */,
			);
			runOnlyForDeploymentPostprocessing = 0;
		};
/* End PBXResourcesBuildPhase section */

/* Begin PBXSourcesBuildPhase section */
		7C78F7A721A9CAB1009BEDC6 /* Sources */ = {
			isa = PBXSourcesBuildPhase;
			buildActionMask = 2147483647;
			files = (
				7C78F7B121A9CAB1009BEDC6 /* ViewController.swift in Sources */,
				7C78F7AF21A9CAB1009BEDC6 /* AppDelegate.swift in Sources */,
			);
			runOnlyForDeploymentPostprocessing = 0;
		};
/* End PBXSourcesBuildPhase section */

/* Begin PBXVariantGroup section */
		7C78F7B221A9CAB1009BEDC6 /* Main.storyboard */ = {
			isa = PBXVariantGroup;
			children = (
				7C78F7B321A9CAB1009BEDC6 /* Base */,
			);
			name = Main.storyboard;
			sourceTree = "<group>";
		};
		7C78F7B721A9CAB2009BEDC6 /* LaunchScreen.storyboard */ = {
			isa = PBXVariantGroup;
			children = (
				7C78F7B821A9CAB2009BEDC6 /* Base */,
			);
			name = LaunchScreen.storyboard;
			sourceTree = "<group>";
		};
/* End PBXVariantGroup section */

/* Begin XCBuildConfiguration section */
		7C78F7BB21A9CAB2009BEDC6 /* Debug */ = {
			isa = XCBuildConfiguration;
			buildSettings = {
				ALWAYS_SEARCH_USER_PATHS = NO;
				CLANG_ANALYZER_NONNULL = YES;
				CLANG_ANALYZER_NUMBER_OBJECT_CONVERSION = YES_AGGRESSIVE;
				CLANG_CXX_LANGUAGE_STANDARD = "gnu++14";
				CLANG_CXX_LIBRARY = "libc++";
				CLANG_ENABLE_MODULES = YES;
				CLANG_ENABLE_OBJC_ARC = YES;
				CLANG_ENABLE_OBJC_WEAK = YES;
				CLANG_WARN_BLOCK_CAPTURE_AUTORELEASING = YES;
				CLANG_WARN_BOOL_CONVERSION = YES;
				CLANG_WARN_COMMA = YES;
				CLANG_WARN_CONSTANT_CONVERSION = YES;
				CLANG_WARN_DEPRECATED_OBJC_IMPLEMENTATIONS = YES;
				CLANG_WARN_DIRECT_OBJC_ISA_USAGE = YES_ERROR;
				CLANG_WARN_DOCUMENTATION_COMMENTS = YES;
				CLANG_WARN_EMPTY_BODY = YES;
				CLANG_WARN_ENUM_CONVERSION = YES;
				CLANG_WARN_INFINITE_RECURSION = YES;
				CLANG_WARN_INT_CONVERSION = YES;
				CLANG_WARN_NON_LITERAL_NULL_CONVERSION = YES;
				CLANG_WARN_OBJC_IMPLICIT_RETAIN_SELF = YES;
				CLANG_WARN_OBJC_LITERAL_CONVERSION = YES;
				CLANG_WARN_OBJC_ROOT_CLASS = YES_ERROR;
				CLANG_WARN_RANGE_LOOP_ANALYSIS = YES;
				CLANG_WARN_STRICT_PROTOTYPES = YES;
				CLANG_WARN_SUSPICIOUS_MOVE = YES;
				CLANG_WARN_UNGUARDED_AVAILABILITY = YES_AGGRESSIVE;
				CLANG_WARN_UNREACHABLE_CODE = YES;
				CLANG_WARN__DUPLICATE_METHOD_MATCH = YES;
				CODE_SIGN_IDENTITY = "iPhone Developer";
				COPY_PHASE_STRIP = NO;
				DEBUG_INFORMATION_FORMAT = dwarf;
				ENABLE_STRICT_OBJC_MSGSEND = YES;
				ENABLE_TESTABILITY = YES;
				GCC_C_LANGUAGE_STANDARD = gnu11;
				GCC_DYNAMIC_NO_PIC = NO;
				GCC_NO_COMMON_BLOCKS = YES;
				GCC_OPTIMIZATION_LEVEL = 0;
				GCC_PREPROCESSOR_DEFINITIONS = (
					"DEBUG=1",
					"$(inherited)",
				);
				GCC_WARN_64_TO_32_BIT_CONVERSION = YES;
				GCC_WARN_ABOUT_RETURN_TYPE = YES_ERROR;
				GCC_WARN_UNDECLARED_SELECTOR = YES;
				GCC_WARN_UNINITIALIZED_AUTOS = YES_AGGRESSIVE;
				GCC_WARN_UNUSED_FUNCTION = YES;
				GCC_WARN_UNUSED_VARIABLE = YES;
				IPHONEOS_DEPLOYMENT_TARGET = 12.1;
				MTL_ENABLE_DEBUG_INFO = INCLUDE_SOURCE;
				MTL_FAST_MATH = YES;
				ONLY_ACTIVE_ARCH = YES;
				SDKROOT = iphoneos;
				SWIFT_ACTIVE_COMPILATION_CONDITIONS = DEBUG;
				SWIFT_OPTIMIZATION_LEVEL = "-Onone";
			};
			name = Debug;
		};
		7C78F7BC21A9CAB2009BEDC6 /* Release */ = {
			isa = XCBuildConfiguration;
			buildSettings = {
				ALWAYS_SEARCH_USER_PATHS = NO;
				CLANG_ANALYZER_NONNULL = YES;
				CLANG_ANALYZER_NUMBER_OBJECT_CONVERSION = YES_AGGRESSIVE;
				CLANG_CXX_LANGUAGE_STANDARD = "gnu++14";
				CLANG_CXX_LIBRARY = "libc++";
				CLANG_ENABLE_MODULES = YES;
				CLANG_ENABLE_OBJC_ARC = YES;
				CLANG_ENABLE_OBJC_WEAK = YES;
				CLANG_WARN_BLOCK_CAPTURE_AUTORELEASING = YES;
				CLANG_WARN_BOOL_CONVERSION = YES;
				CLANG_WARN_COMMA = YES;
				CLANG_WARN_CONSTANT_CONVERSION = YES;
				CLANG_WARN_DEPRECATED_OBJC_IMPLEMENTATIONS = YES;
				CLANG_WARN_DIRECT_OBJC_ISA_USAGE = YES_ERROR;
				CLANG_WARN_DOCUMENTATION_COMMENTS = YES;
				CLANG_WARN_EMPTY_BODY = YES;
				CLANG_WARN_ENUM_CONVERSION = YES;
				CLANG_WARN_INFINITE_RECURSION = YES;
				CLANG_WARN_INT_CONVERSION = YES;
				CLANG_WARN_NON_LITERAL_NULL_CONVERSION = YES;
				CLANG_WARN_OBJC_IMPLICIT_RETAIN_SELF = YES;
				CLANG_WARN_OBJC_LITERAL_CONVERSION = YES;
				CLANG_WARN_OBJC_ROOT_CLASS = YES_ERROR;
				CLANG_WARN_RANGE_LOOP_ANALYSIS = YES;
				CLANG_WARN_STRICT_PROTOTYPES = YES;
				CLANG_WARN_SUSPICIOUS_MOVE = YES;
				CLANG_WARN_UNGUARDED_AVAILABILITY = YES_AGGRESSIVE;
				CLANG_WARN_UNREACHABLE_CODE = YES;
				CLANG_WARN__DUPLICATE_METHOD_MATCH = YES;
				CODE_SIGN_IDENTITY = "iPhone Developer";
				COPY_PHASE_STRIP = NO;
				DEBUG_INFORMATION_FORMAT = "dwarf-with-dsym";
				ENABLE_NS_ASSERTIONS = NO;
				ENABLE_STRICT_OBJC_MSGSEND = YES;
				GCC_C_LANGUAGE_STANDARD = gnu11;
				GCC_NO_COMMON_BLOCKS = YES;
				GCC_WARN_64_TO_32_BIT_CONVERSION = YES;
				GCC_WARN_ABOUT_RETURN_TYPE = YES_ERROR;
				GCC_WARN_UNDECLARED_SELECTOR = YES;
				GCC_WARN_UNINITIALIZED_AUTOS = YES_AGGRESSIVE;
				GCC_WARN_UNUSED_FUNCTION = YES;
				GCC_WARN_UNUSED_VARIABLE = YES;
				IPHONEOS_DEPLOYMENT_TARGET = 12.1;
				MTL_ENABLE_DEBUG_INFO = NO;
				MTL_FAST_MATH = YES;
				SDKROOT = iphoneos;
				SWIFT_COMPILATION_MODE = wholemodule;
				SWIFT_OPTIMIZATION_LEVEL = "-O";
				VALIDATE_PRODUCT = YES;
			};
			name = Release;
		};
		7C78F7BE21A9CAB2009BEDC6 /* Debug */ = {
			isa = XCBuildConfiguration;
			buildSettings = {
				ASSETCATALOG_COMPILER_APPICON_NAME = AppIcon;
				CODE_SIGN_STYLE = Automatic;
				DEVELOPMENT_TEAM = 7WGH7UDY4P;
				INFOPLIST_FILE = tictactoe01/Info.plist;
				LD_RUNPATH_SEARCH_PATHS = (
					"$(inherited)",
					"@executable_path/Frameworks",
				);
				PRODUCT_BUNDLE_IDENTIFIER = paulovich.tictactoe02;
				PRODUCT_NAME = "$(TARGET_NAME)";
				SWIFT_VERSION = 4.2;
				TARGETED_DEVICE_FAMILY = "1,2";
			};
			name = Debug;
		};
		7C78F7BF21A9CAB2009BEDC6 /* Release */ = {
			isa = XCBuildConfiguration;
			buildSettings = {
				ASSETCATALOG_COMPILER_APPICON_NAME = AppIcon;
				CODE_SIGN_STYLE = Automatic;
				DEVELOPMENT_TEAM = 7WGH7UDY4P;
				INFOPLIST_FILE = tictactoe01/Info.plist;
				LD_RUNPATH_SEARCH_PATHS = (
					"$(inherited)",
					"@executable_path/Frameworks",
				);
				PRODUCT_BUNDLE_IDENTIFIER = paulovich.tictactoe02;
				PRODUCT_NAME = "$(TARGET_NAME)";
				SWIFT_VERSION = 4.2;
				TARGETED_DEVICE_FAMILY = "1,2";
			};
			name = Release;
		};
/* End XCBuildConfiguration section */

/* Begin XCConfigurationList section */
		7C78F7A621A9CAB1009BEDC6 /* Build configuration list for PBXProject "tictactoe01" */ = {
			isa = XCConfigurationList;
			buildConfigurations = (
				7C78F7BB21A9CAB2009BEDC6 /* Debug */,
				7C78F7BC21A9CAB2009BEDC6 /* Release */,
			);
			defaultConfigurationIsVisible = 0;
			defaultConfigurationName = Release;
		};
		7C78F7BD21A9CAB2009BEDC6 /* Build configuration list for PBXNativeTarget "tictactoe01" */ = {
			isa = XCConfigurationList;
			buildConfigurations = (
				7C78F7BE21A9CAB2009BEDC6 /* Debug */,
				7C78F7BF21A9CAB2009BEDC6 /* Release */,
			);
			defaultConfigurationIsVisible = 0;
			defaultConfigurationName = Release;
		};
/* End XCConfigurationList section */
	};
	rootObject = 7C78F7A321A9CAB1009BEDC6 /* Project object */;
}
